
Microsoft Visual Studio Solution File, Format Version 12.00
# Visual Studio 2012
Project("{F2A71F9B-5D33-465A-A702-920D77279786}") = "LiterateProgramming", "LiterateProgramming.fsproj", "{0849631D-32F6-45B3-AD65-58C4C8086B88}"
EndProject
Global
	GlobalSection(SolutionConfigurationPlatforms) = preSolution
		Debug|Any CPU = Debug|Any CPU
		Release|Any CPU = Release|Any CPU
	EndGlobalSection
	GlobalSection(ProjectConfigurationPlatforms) = postSolution
		{0849631D-32F6-45B3-AD65-58C4C8086B88}.Debug|Any CPU.ActiveCfg = Debug|Any CPU
		{0849631D-32F6-45B3-AD65-58C4C8086B88}.Debug|Any CPU.Build.0 = Debug|Any CPU
		{0849631D-32F6-45B3-AD65-58C4C8086B88}.Release|Any CPU.ActiveCfg = Release|Any CPU
		{0849631D-32F6-45B3-AD65-58C4C8086B88}.Release|Any CPU.Build.0 = Release|Any CPU
	EndGlobalSection
	GlobalSection(SolutionProperties) = preSolution
		HideSolutionNode = FALSE
	EndGlobalSection
EndGlobal
