
Microsoft Visual Studio Solution File, Format Version 12.00
# Visual Studio 15
VisualStudioVersion = 15.0.26124.0
MinimumVisualStudioVersion = 15.0.26124.0
Project("{F2A71F9B-5D33-465A-A702-920D77279786}") = "llite", "llite.fsproj", "{920454D2-A226-4F11-9837-A57A70E1C16B}"
EndProject
Global
	GlobalSection(SolutionConfigurationPlatforms) = preSolution
		Debug|Any CPU = Debug|Any CPU
		Debug|x64 = Debug|x64
		Debug|x86 = Debug|x86
		Release|Any CPU = Release|Any CPU
		Release|x64 = Release|x64
		Release|x86 = Release|x86
	EndGlobalSection
	GlobalSection(SolutionProperties) = preSolution
		HideSolutionNode = FALSE
	EndGlobalSection
	GlobalSection(ProjectConfigurationPlatforms) = postSolution
		{920454D2-A226-4F11-9837-A57A70E1C16B}.Debug|Any CPU.ActiveCfg = Debug|Any CPU
		{920454D2-A226-4F11-9837-A57A70E1C16B}.Debug|Any CPU.Build.0 = Debug|Any CPU
		{920454D2-A226-4F11-9837-A57A70E1C16B}.Debug|x64.ActiveCfg = Debug|Any CPU
		{920454D2-A226-4F11-9837-A57A70E1C16B}.Debug|x64.Build.0 = Debug|Any CPU
		{920454D2-A226-4F11-9837-A57A70E1C16B}.Debug|x86.ActiveCfg = Debug|Any CPU
		{920454D2-A226-4F11-9837-A57A70E1C16B}.Debug|x86.Build.0 = Debug|Any CPU
		{920454D2-A226-4F11-9837-A57A70E1C16B}.Release|Any CPU.ActiveCfg = Release|Any CPU
		{920454D2-A226-4F11-9837-A57A70E1C16B}.Release|Any CPU.Build.0 = Release|Any CPU
		{920454D2-A226-4F11-9837-A57A70E1C16B}.Release|x64.ActiveCfg = Release|Any CPU
		{920454D2-A226-4F11-9837-A57A70E1C16B}.Release|x64.Build.0 = Release|Any CPU
		{920454D2-A226-4F11-9837-A57A70E1C16B}.Release|x86.ActiveCfg = Release|Any CPU
		{920454D2-A226-4F11-9837-A57A70E1C16B}.Release|x86.Build.0 = Release|Any CPU
	EndGlobalSection
EndGlobal
